
Microsoft Visual Studio Solution File, Format Version 12.00
# Visual Studio Version 16
VisualStudioVersion = 16.0.29509.3
MinimumVisualStudioVersion = 10.0.40219.1
Project("{FAE04EC0-301F-11D3-BF4B-00C04F79EFBC}") = "H.Logs", "H.Logs\H.Logs.csproj", "{358AD405-82A7-4985-A49C-0D2339145EED}"
EndProject
Global
	GlobalSection(SolutionConfigurationPlatforms) = preSolution
		Debug|Any CPU = Debug|Any CPU
		Release|Any CPU = Release|Any CPU
	EndGlobalSection
	GlobalSection(ProjectConfigurationPlatforms) = postSolution
		{358AD405-82A7-4985-A49C-0D2339145EED}.Debug|Any CPU.ActiveCfg = Debug|Any CPU
		{358AD405-82A7-4985-A49C-0D2339145EED}.Debug|Any CPU.Build.0 = Debug|Any CPU
		{358AD405-82A7-4985-A49C-0D2339145EED}.Release|Any CPU.ActiveCfg = Release|Any CPU
		{358AD405-82A7-4985-A49C-0D2339145EED}.Release|Any CPU.Build.0 = Release|Any CPU
	EndGlobalSection
	GlobalSection(SolutionProperties) = preSolution
		HideSolutionNode = FALSE
	EndGlobalSection
	GlobalSection(ExtensibilityGlobals) = postSolution
		SolutionGuid = {752E9353-FF1F-450C-A167-FFC5ED372F36}
	EndGlobalSection
EndGlobal
